// !$*UTF8*$!
{
	archiveVersion = 1;
	classes = {
	};
	objectVersion = 50;
	objects = {

/* Begin PBXBuildFile section */
		309E5B31219943B700328A86 /* AppDelegate.swift in Sources */ = {isa = PBXBuildFile; fileRef = 309E5B30219943B700328A86 /* AppDelegate.swift */; };
		309E5B36219943B700328A86 /* Main.storyboard in Resources */ = {isa = PBXBuildFile; fileRef = 309E5B34219943B700328A86 /* Main.storyboard */; };
		309E5B39219943B700328A86 /* Todo_List_1.xcdatamodeld in Sources */ = {isa = PBXBuildFile; fileRef = 309E5B37219943B700328A86 /* Todo_List_1.xcdatamodeld */; };
		309E5B3B219943B800328A86 /* Assets.xcassets in Resources */ = {isa = PBXBuildFile; fileRef = 309E5B3A219943B800328A86 /* Assets.xcassets */; };
		309E5B3E219943B800328A86 /* LaunchScreen.storyboard in Resources */ = {isa = PBXBuildFile; fileRef = 309E5B3C219943B800328A86 /* LaunchScreen.storyboard */; };
		309E5B462199733900328A86 /* TodoTableViewController.swift in Sources */ = {isa = PBXBuildFile; fileRef = 309E5B452199733900328A86 /* TodoTableViewController.swift */; };
		309E5B482199740D00328A86 /* ToDo.swift in Sources */ = {isa = PBXBuildFile; fileRef = 309E5B472199740D00328A86 /* ToDo.swift */; };
		309E5B4A219AADE200328A86 /* AddToDoViewController.swift in Sources */ = {isa = PBXBuildFile; fileRef = 309E5B49219AADE200328A86 /* AddToDoViewController.swift */; };
		309E5B4C219D5F5900328A86 /* ShowTodoViewController.swift in Sources */ = {isa = PBXBuildFile; fileRef = 309E5B4B219D5F5900328A86 /* ShowTodoViewController.swift */; };
/* End PBXBuildFile section */

/* Begin PBXFileReference section */
		309E5B2D219943B700328A86 /* Todo List 1.app */ = {isa = PBXFileReference; explicitFileType = wrapper.application; includeInIndex = 0; path = "Todo List 1.app"; sourceTree = BUILT_PRODUCTS_DIR; };
		309E5B30219943B700328A86 /* AppDelegate.swift */ = {isa = PBXFileReference; lastKnownFileType = sourcecode.swift; path = AppDelegate.swift; sourceTree = "<group>"; };
		309E5B35219943B700328A86 /* Base */ = {isa = PBXFileReference; lastKnownFileType = file.storyboard; name = Base; path = Base.lproj/Main.storyboard; sourceTree = "<group>"; };
		309E5B38219943B700328A86 /* Todo_List_1.xcdatamodel */ = {isa = PBXFileReference; lastKnownFileType = wrapper.xcdatamodel; path = Todo_List_1.xcdatamodel; sourceTree = "<group>"; };
		309E5B3A219943B800328A86 /* Assets.xcassets */ = {isa = PBXFileReference; lastKnownFileType = folder.assetcatalog; path = Assets.xcassets; sourceTree = "<group>"; };
		309E5B3D219943B800328A86 /* Base */ = {isa = PBXFileReference; lastKnownFileType = file.storyboard; name = Base; path = Base.lproj/LaunchScreen.storyboard; sourceTree = "<group>"; };
		309E5B3F219943B800328A86 /* Info.plist */ = {isa = PBXFileReference; lastKnownFileType = text.plist.xml; path = Info.plist; sourceTree = "<group>"; };
		309E5B452199733900328A86 /* TodoTableViewController.swift */ = {isa = PBXFileReference; lastKnownFileType = sourcecode.swift; path = TodoTableViewController.swift; sourceTree = "<group>"; };
		309E5B472199740D00328A86 /* ToDo.swift */ = {isa = PBXFileReference; lastKnownFileType = sourcecode.swift; path = ToDo.swift; sourceTree = "<group>"; };
		309E5B49219AADE200328A86 /* AddToDoViewController.swift */ = {isa = PBXFileReference; lastKnownFileType = sourcecode.swift; path = AddToDoViewController.swift; sourceTree = "<group>"; };
		309E5B4B219D5F5900328A86 /* ShowTodoViewController.swift */ = {isa = PBXFileReference; lastKnownFileType = sourcecode.swift; path = ShowTodoViewController.swift; sourceTree = "<group>"; };
/* End PBXFileReference section */

/* Begin PBXFrameworksBuildPhase section */
		309E5B2A219943B700328A86 /* Frameworks */ = {
			isa = PBXFrameworksBuildPhase;
			buildActionMask = 2147483647;
			files = (
			);
			runOnlyForDeploymentPostprocessing = 0;
		};
/* End PBXFrameworksBuildPhase section */

/* Begin PBXGroup section */
		309E5B24219943B700328A86 = {
			isa = PBXGroup;
			children = (
				309E5B2F219943B700328A86 /* Todo List 1 */,
				309E5B2E219943B700328A86 /* Products */,
			);
			sourceTree = "<group>";
		};
		309E5B2E219943B700328A86 /* Products */ = {
			isa = PBXGroup;
			children = (
				309E5B2D219943B700328A86 /* Todo List 1.app */,
			);
			name = Products;
			sourceTree = "<group>";
		};
		309E5B2F219943B700328A86 /* Todo List 1 */ = {
			isa = PBXGroup;
			children = (
				309E5B30219943B700328A86 /* AppDelegate.swift */,
				309E5B452199733900328A86 /* TodoTableViewController.swift */,
				309E5B49219AADE200328A86 /* AddToDoViewController.swift */,
				309E5B4B219D5F5900328A86 /* ShowTodoViewController.swift */,
				309E5B472199740D00328A86 /* ToDo.swift */,
				309E5B34219943B700328A86 /* Main.storyboard */,
				309E5B3A219943B800328A86 /* Assets.xcassets */,
				309E5B3C219943B800328A86 /* LaunchScreen.storyboard */,
				309E5B3F219943B800328A86 /* Info.plist */,
				309E5B37219943B700328A86 /* Todo_List_1.xcdatamodeld */,
			);
			path = "Todo List 1";
			sourceTree = "<group>";
		};
/* End PBXGroup section */

/* Begin PBXNativeTarget section */
		309E5B2C219943B700328A86 /* Todo List 1 */ = {
			isa = PBXNativeTarget;
			buildConfigurationList = 309E5B42219943B800328A86 /* Build configuration list for PBXNativeTarget "Todo List 1" */;
			buildPhases = (
				309E5B29219943B700328A86 /* Sources */,
				309E5B2A219943B700328A86 /* Frameworks */,
				309E5B2B219943B700328A86 /* Resources */,
			);
			buildRules = (
			);
			dependencies = (
			);
			name = "Todo List 1";
			productName = "Todo List 1";
			productReference = 309E5B2D219943B700328A86 /* Todo List 1.app */;
			productType = "com.apple.product-type.application";
		};
/* End PBXNativeTarget section */

/* Begin PBXProject section */
		309E5B25219943B700328A86 /* Project object */ = {
			isa = PBXProject;
			attributes = {
				LastSwiftUpdateCheck = 1000;
				LastUpgradeCheck = 1000;
				ORGANIZATIONNAME = "Tepo Labs";
				TargetAttributes = {
					309E5B2C219943B700328A86 = {
						CreatedOnToolsVersion = 10.0;
					};
				};
			};
			buildConfigurationList = 309E5B28219943B700328A86 /* Build configuration list for PBXProject "Todo List 1" */;
			compatibilityVersion = "Xcode 9.3";
			developmentRegion = en;
			hasScannedForEncodings = 0;
			knownRegions = (
				en,
				Base,
			);
			mainGroup = 309E5B24219943B700328A86;
			productRefGroup = 309E5B2E219943B700328A86 /* Products */;
			projectDirPath = "";
			projectRoot = "";
			targets = (
				309E5B2C219943B700328A86 /* Todo List 1 */,
			);
		};
/* End PBXProject section */

/* Begin PBXResourcesBuildPhase section */
		309E5B2B219943B700328A86 /* Resources */ = {
			isa = PBXResourcesBuildPhase;
			buildActionMask = 2147483647;
			files = (
				309E5B3E219943B800328A86 /* LaunchScreen.storyboard in Resources */,
				309E5B3B219943B800328A86 /* Assets.xcassets in Resources */,
				309E5B36219943B700328A86 /* Main.storyboard in Resources */,
			);
			runOnlyForDeploymentPostprocessing = 0;
		};
/* End PBXResourcesBuildPhase section */

/* Begin PBXSourcesBuildPhase section */
		309E5B29219943B700328A86 /* Sources */ = {
			isa = PBXSourcesBuildPhase;
			buildActionMask = 2147483647;
			files = (
				309E5B31219943B700328A86 /* AppDelegate.swift in Sources */,
				309E5B462199733900328A86 /* TodoTableViewController.swift in Sources */,
				309E5B4A219AADE200328A86 /* AddToDoViewController.swift in Sources */,
				309E5B39219943B700328A86 /* Todo_List_1.xcdatamodeld in Sources */,
				309E5B482199740D00328A86 /* ToDo.swift in Sources */,
				309E5B4C219D5F5900328A86 /* ShowTodoViewController.swift in Sources */,
			);
			runOnlyForDeploymentPostprocessing = 0;
		};
/* End PBXSourcesBuildPhase section */

/* Begin PBXVariantGroup section */
		309E5B34219943B700328A86 /* Main.storyboard */ = {
			isa = PBXVariantGroup;
			children = (
				309E5B35219943B700328A86 /* Base */,
			);
			name = Main.storyboard;
			sourceTree = "<group>";
		};
		309E5B3C219943B800328A86 /* LaunchScreen.storyboard */ = {
			isa = PBXVariantGroup;
			children = (
				309E5B3D219943B800328A86 /* Base */,
			);
			name = LaunchScreen.storyboard;
			sourceTree = "<group>";
		};
/* End PBXVariantGroup section */

/* Begin XCBuildConfiguration section */
		309E5B40219943B800328A86 /* Debug */ = {
			isa = XCBuildConfiguration;
			buildSettings = {
				ALWAYS_SEARCH_USER_PATHS = NO;
				CLANG_ANALYZER_NONNULL = YES;
				CLANG_ANALYZER_NUMBER_OBJECT_CONVERSION = YES_AGGRESSIVE;
				CLANG_CXX_LANGUAGE_STANDARD = "gnu++14";
				CLANG_CXX_LIBRARY = "libc++";
				CLANG_ENABLE_MODULES = YES;
				CLANG_ENABLE_OBJC_ARC = YES;
				CLANG_ENABLE_OBJC_WEAK = YES;
				CLANG_WARN_BLOCK_CAPTURE_AUTORELEASING = YES;
				CLANG_WARN_BOOL_CONVERSION = YES;
				CLANG_WARN_COMMA = YES;
				CLANG_WARN_CONSTANT_CONVERSION = YES;
				CLANG_WARN_DEPRECATED_OBJC_IMPLEMENTATIONS = YES;
				CLANG_WARN_DIRECT_OBJC_ISA_USAGE = YES_ERROR;
				CLANG_WARN_DOCUMENTATION_COMMENTS = YES;
				CLANG_WARN_EMPTY_BODY = YES;
				CLANG_WARN_ENUM_CONVERSION = YES;
				CLANG_WARN_INFINITE_RECURSION = YES;
				CLANG_WARN_INT_CONVERSION = YES;
				CLANG_WARN_NON_LITERAL_NULL_CONVERSION = YES;
				CLANG_WARN_OBJC_IMPLICIT_RETAIN_SELF = YES;
				CLANG_WARN_OBJC_LITERAL_CONVERSION = YES;
				CLANG_WARN_OBJC_ROOT_CLASS = YES_ERROR;
				CLANG_WARN_RANGE_LOOP_ANALYSIS = YES;
				CLANG_WARN_STRICT_PROTOTYPES = YES;
				CLANG_WARN_SUSPICIOUS_MOVE = YES;
				CLANG_WARN_UNGUARDED_AVAILABILITY = YES_AGGRESSIVE;
				CLANG_WARN_UNREACHABLE_CODE = YES;
				CLANG_WARN__DUPLICATE_METHOD_MATCH = YES;
				CODE_SIGN_IDENTITY = "iPhone Developer";
				COPY_PHASE_STRIP = NO;
				DEBUG_INFORMATION_FORMAT = dwarf;
				ENABLE_STRICT_OBJC_MSGSEND = YES;
				ENABLE_TESTABILITY = YES;
				GCC_C_LANGUAGE_STANDARD = gnu11;
				GCC_DYNAMIC_NO_PIC = NO;
				GCC_NO_COMMON_BLOCKS = YES;
				GCC_OPTIMIZATION_LEVEL = 0;
				GCC_PREPROCESSOR_DEFINITIONS = (
					"DEBUG=1",
					"$(inherited)",
				);
				GCC_WARN_64_TO_32_BIT_CONVERSION = YES;
				GCC_WARN_ABOUT_RETURN_TYPE = YES_ERROR;
				GCC_WARN_UNDECLARED_SELECTOR = YES;
				GCC_WARN_UNINITIALIZED_AUTOS = YES_AGGRESSIVE;
				GCC_WARN_UNUSED_FUNCTION = YES;
				GCC_WARN_UNUSED_VARIABLE = YES;
				IPHONEOS_DEPLOYMENT_TARGET = 12.0;
				MTL_ENABLE_DEBUG_INFO = INCLUDE_SOURCE;
				MTL_FAST_MATH = YES;
				ONLY_ACTIVE_ARCH = YES;
				SDKROOT = iphoneos;
				SWIFT_ACTIVE_COMPILATION_CONDITIONS = DEBUG;
				SWIFT_OPTIMIZATION_LEVEL = "-Onone";
			};
			name = Debug;
		};
		309E5B41219943B800328A86 /* Release */ = {
			isa = XCBuildConfiguration;
			buildSettings = {
				ALWAYS_SEARCH_USER_PATHS = NO;
				CLANG_ANALYZER_NONNULL = YES;
				CLANG_ANALYZER_NUMBER_OBJECT_CONVERSION = YES_AGGRESSIVE;
				CLANG_CXX_LANGUAGE_STANDARD = "gnu++14";
				CLANG_CXX_LIBRARY = "libc++";
				CLANG_ENABLE_MODULES = YES;
				CLANG_ENABLE_OBJC_ARC = YES;
				CLANG_ENABLE_OBJC_WEAK = YES;
				CLANG_WARN_BLOCK_CAPTURE_AUTORELEASING = YES;
				CLANG_WARN_BOOL_CONVERSION = YES;
				CLANG_WARN_COMMA = YES;
				CLANG_WARN_CONSTANT_CONVERSION = YES;
				CLANG_WARN_DEPRECATED_OBJC_IMPLEMENTATIONS = YES;
				CLANG_WARN_DIRECT_OBJC_ISA_USAGE = YES_ERROR;
				CLANG_WARN_DOCUMENTATION_COMMENTS = YES;
				CLANG_WARN_EMPTY_BODY = YES;
				CLANG_WARN_ENUM_CONVERSION = YES;
				CLANG_WARN_INFINITE_RECURSION = YES;
				CLANG_WARN_INT_CONVERSION = YES;
				CLANG_WARN_NON_LITERAL_NULL_CONVERSION = YES;
				CLANG_WARN_OBJC_IMPLICIT_RETAIN_SELF = YES;
				CLANG_WARN_OBJC_LITERAL_CONVERSION = YES;
				CLANG_WARN_OBJC_ROOT_CLASS = YES_ERROR;
				CLANG_WARN_RANGE_LOOP_ANALYSIS = YES;
				CLANG_WARN_STRICT_PROTOTYPES = YES;
				CLANG_WARN_SUSPICIOUS_MOVE = YES;
				CLANG_WARN_UNGUARDED_AVAILABILITY = YES_AGGRESSIVE;
				CLANG_WARN_UNREACHABLE_CODE = YES;
				CLANG_WARN__DUPLICATE_METHOD_MATCH = YES;
				CODE_SIGN_IDENTITY = "iPhone Developer";
				COPY_PHASE_STRIP = NO;
				DEBUG_INFORMATION_FORMAT = "dwarf-with-dsym";
				ENABLE_NS_ASSERTIONS = NO;
				ENABLE_STRICT_OBJC_MSGSEND = YES;
				GCC_C_LANGUAGE_STANDARD = gnu11;
				GCC_NO_COMMON_BLOCKS = YES;
				GCC_WARN_64_TO_32_BIT_CONVERSION = YES;
				GCC_WARN_ABOUT_RETURN_TYPE = YES_ERROR;
				GCC_WARN_UNDECLARED_SELECTOR = YES;
				GCC_WARN_UNINITIALIZED_AUTOS = YES_AGGRESSIVE;
				GCC_WARN_UNUSED_FUNCTION = YES;
				GCC_WARN_UNUSED_VARIABLE = YES;
				IPHONEOS_DEPLOYMENT_TARGET = 12.0;
				MTL_ENABLE_DEBUG_INFO = NO;
				MTL_FAST_MATH = YES;
				SDKROOT = iphoneos;
				SWIFT_COMPILATION_MODE = wholemodule;
				SWIFT_OPTIMIZATION_LEVEL = "-O";
				VALIDATE_PRODUCT = YES;
			};
			name = Release;
		};
		309E5B43219943B800328A86 /* Debug */ = {
			isa = XCBuildConfiguration;
			buildSettings = {
				ASSETCATALOG_COMPILER_APPICON_NAME = AppIcon;
				CODE_SIGN_STYLE = Automatic;
				INFOPLIST_FILE = "Todo List 1/Info.plist";
				LD_RUNPATH_SEARCH_PATHS = (
					"$(inherited)",
					"@executable_path/Frameworks",
				);
				PRODUCT_BUNDLE_IDENTIFIER = "marc.desd.Todo-List-1";
				PRODUCT_NAME = "$(TARGET_NAME)";
				SWIFT_VERSION = 4.2;
				TARGETED_DEVICE_FAMILY = "1,2";
			};
			name = Debug;
		};
		309E5B44219943B800328A86 /* Release */ = {
			isa = XCBuildConfiguration;
			buildSettings = {
				ASSETCATALOG_COMPILER_APPICON_NAME = AppIcon;
				CODE_SIGN_STYLE = Automatic;
				INFOPLIST_FILE = "Todo List 1/Info.plist";
				LD_RUNPATH_SEARCH_PATHS = (
					"$(inherited)",
					"@executable_path/Frameworks",
				);
				PRODUCT_BUNDLE_IDENTIFIER = "marc.desd.Todo-List-1";
				PRODUCT_NAME = "$(TARGET_NAME)";
				SWIFT_VERSION = 4.2;
				TARGETED_DEVICE_FAMILY = "1,2";
			};
			name = Release;
		};
/* End XCBuildConfiguration section */

/* Begin XCConfigurationList section */
		309E5B28219943B700328A86 /* Build configuration list for PBXProject "Todo List 1" */ = {
			isa = XCConfigurationList;
			buildConfigurations = (
				309E5B40219943B800328A86 /* Debug */,
				309E5B41219943B800328A86 /* Release */,
			);
			defaultConfigurationIsVisible = 0;
			defaultConfigurationName = Release;
		};
		309E5B42219943B800328A86 /* Build configuration list for PBXNativeTarget "Todo List 1" */ = {
			isa = XCConfigurationList;
			buildConfigurations = (
				309E5B43219943B800328A86 /* Debug */,
				309E5B44219943B800328A86 /* Release */,
			);
			defaultConfigurationIsVisible = 0;
			defaultConfigurationName = Release;
		};
/* End XCConfigurationList section */

/* Begin XCVersionGroup section */
		309E5B37219943B700328A86 /* Todo_List_1.xcdatamodeld */ = {
			isa = XCVersionGroup;
			children = (
				309E5B38219943B700328A86 /* Todo_List_1.xcdatamodel */,
			);
			currentVersion = 309E5B38219943B700328A86 /* Todo_List_1.xcdatamodel */;
			path = Todo_List_1.xcdatamodeld;
			sourceTree = "<group>";
			versionGroupType = wrapper.xcdatamodel;
		};
/* End XCVersionGroup section */
	};
	rootObject = 309E5B25219943B700328A86 /* Project object */;
}
